// !$*UTF8*$!
{
	archiveVersion = 1;
	classes = {
	};
	objectVersion = 46;
	objects = {

/* Begin PBXBuildFile section */
		5A6D0583B87C36EAE2DCD940 /* Pods_WatchMeTests.framework in Frameworks */ = {isa = PBXBuildFile; fileRef = EF670E50F162E26B48F22BE5 /* Pods_WatchMeTests.framework */; };
		89BE6EAADFF32D2869D31D7C /* Pods_WatchMe.framework in Frameworks */ = {isa = PBXBuildFile; fileRef = CF53AD63D22C0796BB80FDC7 /* Pods_WatchMe.framework */; };
		9B24E79E66ADA9C514AF9D41 /* Pods_WatchMeUITests.framework in Frameworks */ = {isa = PBXBuildFile; fileRef = F9D996A6121E19E0EAF656D2 /* Pods_WatchMeUITests.framework */; };
		B31E730D1E31416C00D32DEE /* SerieCollectionViewCell.swift in Sources */ = {isa = PBXBuildFile; fileRef = B31E730B1E31416C00D32DEE /* SerieCollectionViewCell.swift */; };
		B31E730E1E31416C00D32DEE /* SerieCollectionViewCell.xib in Resources */ = {isa = PBXBuildFile; fileRef = B31E730C1E31416C00D32DEE /* SerieCollectionViewCell.xib */; };
		B31E73111E3145E200D32DEE /* SerieModel.swift in Sources */ = {isa = PBXBuildFile; fileRef = B31E73101E3145E200D32DEE /* SerieModel.swift */; };
		B31E73131E31488A00D32DEE /* SerieRepository.swift in Sources */ = {isa = PBXBuildFile; fileRef = B31E73121E31488A00D32DEE /* SerieRepository.swift */; };
		B31E73171E3184FC00D32DEE /* ImageModel.swift in Sources */ = {isa = PBXBuildFile; fileRef = B31E73161E3184FC00D32DEE /* ImageModel.swift */; };
		B31E73191E31857E00D32DEE /* ImageRepository.swift in Sources */ = {isa = PBXBuildFile; fileRef = B31E73181E31857E00D32DEE /* ImageRepository.swift */; };
		B31E731B1E324DD500D32DEE /* SearchViewController.swift in Sources */ = {isa = PBXBuildFile; fileRef = B31E731A1E324DD500D32DEE /* SearchViewController.swift */; };
		B31E731E1E32681300D32DEE /* Details.storyboard in Resources */ = {isa = PBXBuildFile; fileRef = B31E731D1E32681300D32DEE /* Details.storyboard */; };
		B31E73211E3268D400D32DEE /* DetailSerieViewController.swift in Sources */ = {isa = PBXBuildFile; fileRef = B31E73201E3268D400D32DEE /* DetailSerieViewController.swift */; };
		B31E73251E32855500D32DEE /* ImageTableViewCell.swift in Sources */ = {isa = PBXBuildFile; fileRef = B31E73231E32855500D32DEE /* ImageTableViewCell.swift */; };
		B31E73261E32855500D32DEE /* ImageTableViewCell.xib in Resources */ = {isa = PBXBuildFile; fileRef = B31E73241E32855500D32DEE /* ImageTableViewCell.xib */; };
		B31E732C1E3286D500D32DEE /* ActionsSerieTableViewCell.swift in Sources */ = {isa = PBXBuildFile; fileRef = B31E732A1E3286D500D32DEE /* ActionsSerieTableViewCell.swift */; };
		B31E732D1E3286D500D32DEE /* ActionsSerieTableViewCell.xib in Resources */ = {isa = PBXBuildFile; fileRef = B31E732B1E3286D500D32DEE /* ActionsSerieTableViewCell.xib */; };
		B31E73301E32979F00D32DEE /* EpisodeTableViewCell.swift in Sources */ = {isa = PBXBuildFile; fileRef = B31E732E1E32979F00D32DEE /* EpisodeTableViewCell.swift */; };
		B31E73311E3297A000D32DEE /* EpisodeTableViewCell.xib in Resources */ = {isa = PBXBuildFile; fileRef = B31E732F1E32979F00D32DEE /* EpisodeTableViewCell.xib */; };
		B31E73341E329AF800D32DEE /* MoreEpisodesTableViewCell.swift in Sources */ = {isa = PBXBuildFile; fileRef = B31E73321E329AF800D32DEE /* MoreEpisodesTableViewCell.swift */; };
		B31E73351E329AF800D32DEE /* MoreEpisodesTableViewCell.xib in Resources */ = {isa = PBXBuildFile; fileRef = B31E73331E329AF800D32DEE /* MoreEpisodesTableViewCell.xib */; };
		B31E733A1E329D3E00D32DEE /* OverviewTableViewCell.swift in Sources */ = {isa = PBXBuildFile; fileRef = B31E73381E329D3E00D32DEE /* OverviewTableViewCell.swift */; };
		B31E733B1E329D3E00D32DEE /* OverviewTableViewCell.xib in Resources */ = {isa = PBXBuildFile; fileRef = B31E73391E329D3E00D32DEE /* OverviewTableViewCell.xib */; };
		B31E733D1E33E07D00D32DEE /* EpisodeModel.swift in Sources */ = {isa = PBXBuildFile; fileRef = B31E733C1E33E07D00D32DEE /* EpisodeModel.swift */; };
		B31E733F1E33E20B00D32DEE /* EpisodeRepository.swift in Sources */ = {isa = PBXBuildFile; fileRef = B31E733E1E33E20B00D32DEE /* EpisodeRepository.swift */; };
		B31E73411E3443CB00D32DEE /* SeasonsSerieViewController.swift in Sources */ = {isa = PBXBuildFile; fileRef = B31E73401E3443CB00D32DEE /* SeasonsSerieViewController.swift */; };
		B31E73431E344BF200D32DEE /* SeasonModel.swift in Sources */ = {isa = PBXBuildFile; fileRef = B31E73421E344BF200D32DEE /* SeasonModel.swift */; };
		B31E73451E344D5D00D32DEE /* SeasonRepository.swift in Sources */ = {isa = PBXBuildFile; fileRef = B31E73441E344D5D00D32DEE /* SeasonRepository.swift */; };
		B31E73481E34585300D32DEE /* HeaderTableViewCell.swift in Sources */ = {isa = PBXBuildFile; fileRef = B31E73461E34585300D32DEE /* HeaderTableViewCell.swift */; };
		B31E73491E34585300D32DEE /* HeaderTableViewCell.xib in Resources */ = {isa = PBXBuildFile; fileRef = B31E73471E34585300D32DEE /* HeaderTableViewCell.xib */; };
		B31E734B1E34966900D32DEE /* DetailEpisodeViewController.swift in Sources */ = {isa = PBXBuildFile; fileRef = B31E734A1E34966900D32DEE /* DetailEpisodeViewController.swift */; };
		B31E734E1E3523E700D32DEE /* ActionEpisodeTableViewCell.swift in Sources */ = {isa = PBXBuildFile; fileRef = B31E734C1E3523E700D32DEE /* ActionEpisodeTableViewCell.swift */; };
		B31E734F1E3523E700D32DEE /* ActionEpisodeTableViewCell.xib in Resources */ = {isa = PBXBuildFile; fileRef = B31E734D1E3523E700D32DEE /* ActionEpisodeTableViewCell.xib */; };
		B31E73551E352F3E00D32DEE /* InfosEpisodeTableViewCell.xib in Resources */ = {isa = PBXBuildFile; fileRef = B31E73531E352F3E00D32DEE /* InfosEpisodeTableViewCell.xib */; };
		B31E73571E3530AB00D32DEE /* InfosEpisodeTableViewCell.swift in Sources */ = {isa = PBXBuildFile; fileRef = B31E73561E3530AB00D32DEE /* InfosEpisodeTableViewCell.swift */; };
		B31E735A1E3550D100D32DEE /* Profile.storyboard in Resources */ = {isa = PBXBuildFile; fileRef = B31E73591E3550D100D32DEE /* Profile.storyboard */; };
		B31E735D1E3551D800D32DEE /* ProfileViewController.swift in Sources */ = {isa = PBXBuildFile; fileRef = B31E735C1E3551D800D32DEE /* ProfileViewController.swift */; };
		B32A7D581E35C06400A5CD6C /* ImageRepositoryTests.swift in Sources */ = {isa = PBXBuildFile; fileRef = B32A7D571E35C06400A5CD6C /* ImageRepositoryTests.swift */; };
		B32A7D5A1E35C30900A5CD6C /* SerieRepositoryTests.swift in Sources */ = {isa = PBXBuildFile; fileRef = B32A7D591E35C30900A5CD6C /* SerieRepositoryTests.swift */; };
		B32A7D5C1E35D4BF00A5CD6C /* EpisodeRepositoryTests.swift in Sources */ = {isa = PBXBuildFile; fileRef = B32A7D5B1E35D4BF00A5CD6C /* EpisodeRepositoryTests.swift */; };
		B32A7D5E1E35D76600A5CD6C /* SeasonRepositoryTests.swift in Sources */ = {isa = PBXBuildFile; fileRef = B32A7D5D1E35D76600A5CD6C /* SeasonRepositoryTests.swift */; };
		B32A7D601E35DBF000A5CD6C /* SerieModelTests.swift in Sources */ = {isa = PBXBuildFile; fileRef = B32A7D5F1E35DBF000A5CD6C /* SerieModelTests.swift */; };
		B32A7D631E36241700A5CD6C /* RealmExtension.swift in Sources */ = {isa = PBXBuildFile; fileRef = B32A7D621E36241700A5CD6C /* RealmExtension.swift */; };
		B32A7D661E362E5C00A5CD6C /* EndPoints.swift in Sources */ = {isa = PBXBuildFile; fileRef = B32A7D651E362E5C00A5CD6C /* EndPoints.swift */; };
		B32A7D681E362EAB00A5CD6C /* Credentials.swift in Sources */ = {isa = PBXBuildFile; fileRef = B32A7D671E362EAB00A5CD6C /* Credentials.swift */; };
		B3E646EA1E312A6800ECAB02 /* AppDelegate.swift in Sources */ = {isa = PBXBuildFile; fileRef = B3E646E91E312A6800ECAB02 /* AppDelegate.swift */; };
		B3E646EF1E312A6800ECAB02 /* Main.storyboard in Resources */ = {isa = PBXBuildFile; fileRef = B3E646ED1E312A6800ECAB02 /* Main.storyboard */; };
		B3E646F11E312A6800ECAB02 /* Assets.xcassets in Resources */ = {isa = PBXBuildFile; fileRef = B3E646F01E312A6800ECAB02 /* Assets.xcassets */; };
		B3E646F41E312A6800ECAB02 /* LaunchScreen.storyboard in Resources */ = {isa = PBXBuildFile; fileRef = B3E646F21E312A6800ECAB02 /* LaunchScreen.storyboard */; };
		B3E6470A1E312A6800ECAB02 /* WatchMeUITests.swift in Sources */ = {isa = PBXBuildFile; fileRef = B3E647091E312A6800ECAB02 /* WatchMeUITests.swift */; };
		B3E647201E312BAF00ECAB02 /* Trending.storyboard in Resources */ = {isa = PBXBuildFile; fileRef = B3E6471F1E312BAF00ECAB02 /* Trending.storyboard */; };
		B3E647231E312CF800ECAB02 /* TrendingViewController.swift in Sources */ = {isa = PBXBuildFile; fileRef = B3E647221E312CF800ECAB02 /* TrendingViewController.swift */; };
		B3E6472C1E312F3000ECAB02 /* Watching.storyboard in Resources */ = {isa = PBXBuildFile; fileRef = B3E6472B1E312F3000ECAB02 /* Watching.storyboard */; };
		B3E6472F1E312F7300ECAB02 /* WatchingViewController.swift in Sources */ = {isa = PBXBuildFile; fileRef = B3E6472E1E312F7300ECAB02 /* WatchingViewController.swift */; };
/* End PBXBuildFile section */

/* Begin PBXContainerItemProxy section */
		B3E646FB1E312A6800ECAB02 /* PBXContainerItemProxy */ = {
			isa = PBXContainerItemProxy;
			containerPortal = B3E646DE1E312A6800ECAB02 /* Project object */;
			proxyType = 1;
			remoteGlobalIDString = B3E646E51E312A6800ECAB02;
			remoteInfo = WatchMe;
		};
		B3E647061E312A6800ECAB02 /* PBXContainerItemProxy */ = {
			isa = PBXContainerItemProxy;
			containerPortal = B3E646DE1E312A6800ECAB02 /* Project object */;
			proxyType = 1;
			remoteGlobalIDString = B3E646E51E312A6800ECAB02;
			remoteInfo = WatchMe;
		};
/* End PBXContainerItemProxy section */

/* Begin PBXFileReference section */
		29175C767948306259508BB1 /* Pods-WatchMeTests.release.xcconfig */ = {isa = PBXFileReference; includeInIndex = 1; lastKnownFileType = text.xcconfig; name = "Pods-WatchMeTests.release.xcconfig"; path = "Pods/Target Support Files/Pods-WatchMeTests/Pods-WatchMeTests.release.xcconfig"; sourceTree = "<group>"; };
		2ECD0A1EE9563747DD526D63 /* Pods-WatchMe.debug.xcconfig */ = {isa = PBXFileReference; includeInIndex = 1; lastKnownFileType = text.xcconfig; name = "Pods-WatchMe.debug.xcconfig"; path = "Pods/Target Support Files/Pods-WatchMe/Pods-WatchMe.debug.xcconfig"; sourceTree = "<group>"; };
		5E74D2C3528A489A2254CF80 /* Pods-WatchMeUITests.release.xcconfig */ = {isa = PBXFileReference; includeInIndex = 1; lastKnownFileType = text.xcconfig; name = "Pods-WatchMeUITests.release.xcconfig"; path = "Pods/Target Support Files/Pods-WatchMeUITests/Pods-WatchMeUITests.release.xcconfig"; sourceTree = "<group>"; };
		A59C87344C237133E76A7C2E /* Pods-WatchMe.release.xcconfig */ = {isa = PBXFileReference; includeInIndex = 1; lastKnownFileType = text.xcconfig; name = "Pods-WatchMe.release.xcconfig"; path = "Pods/Target Support Files/Pods-WatchMe/Pods-WatchMe.release.xcconfig"; sourceTree = "<group>"; };
		B31E730B1E31416C00D32DEE /* SerieCollectionViewCell.swift */ = {isa = PBXFileReference; fileEncoding = 4; lastKnownFileType = sourcecode.swift; path = SerieCollectionViewCell.swift; sourceTree = "<group>"; };
		B31E730C1E31416C00D32DEE /* SerieCollectionViewCell.xib */ = {isa = PBXFileReference; fileEncoding = 4; lastKnownFileType = file.xib; path = SerieCollectionViewCell.xib; sourceTree = "<group>"; };
		B31E73101E3145E200D32DEE /* SerieModel.swift */ = {isa = PBXFileReference; fileEncoding = 4; lastKnownFileType = sourcecode.swift; lineEnding = 0; path = SerieModel.swift; sourceTree = "<group>"; xcLanguageSpecificationIdentifier = xcode.lang.swift; };
		B31E73121E31488A00D32DEE /* SerieRepository.swift */ = {isa = PBXFileReference; fileEncoding = 4; lastKnownFileType = sourcecode.swift; lineEnding = 0; path = SerieRepository.swift; sourceTree = "<group>"; xcLanguageSpecificationIdentifier = xcode.lang.swift; };
		B31E73161E3184FC00D32DEE /* ImageModel.swift */ = {isa = PBXFileReference; fileEncoding = 4; lastKnownFileType = sourcecode.swift; path = ImageModel.swift; sourceTree = "<group>"; };
		B31E73181E31857E00D32DEE /* ImageRepository.swift */ = {isa = PBXFileReference; fileEncoding = 4; lastKnownFileType = sourcecode.swift; path = ImageRepository.swift; sourceTree = "<group>"; };
		B31E731A1E324DD500D32DEE /* SearchViewController.swift */ = {isa = PBXFileReference; fileEncoding = 4; lastKnownFileType = sourcecode.swift; path = SearchViewController.swift; sourceTree = "<group>"; };
		B31E731D1E32681300D32DEE /* Details.storyboard */ = {isa = PBXFileReference; fileEncoding = 4; lastKnownFileType = file.storyboard; path = Details.storyboard; sourceTree = "<group>"; };
		B31E73201E3268D400D32DEE /* DetailSerieViewController.swift */ = {isa = PBXFileReference; fileEncoding = 4; lastKnownFileType = sourcecode.swift; path = DetailSerieViewController.swift; sourceTree = "<group>"; };
		B31E73231E32855500D32DEE /* ImageTableViewCell.swift */ = {isa = PBXFileReference; fileEncoding = 4; lastKnownFileType = sourcecode.swift; path = ImageTableViewCell.swift; sourceTree = "<group>"; };
		B31E73241E32855500D32DEE /* ImageTableViewCell.xib */ = {isa = PBXFileReference; fileEncoding = 4; lastKnownFileType = file.xib; path = ImageTableViewCell.xib; sourceTree = "<group>"; };
		B31E732A1E3286D500D32DEE /* ActionsSerieTableViewCell.swift */ = {isa = PBXFileReference; fileEncoding = 4; lastKnownFileType = sourcecode.swift; path = ActionsSerieTableViewCell.swift; sourceTree = "<group>"; };
		B31E732B1E3286D500D32DEE /* ActionsSerieTableViewCell.xib */ = {isa = PBXFileReference; fileEncoding = 4; lastKnownFileType = file.xib; path = ActionsSerieTableViewCell.xib; sourceTree = "<group>"; };
		B31E732E1E32979F00D32DEE /* EpisodeTableViewCell.swift */ = {isa = PBXFileReference; fileEncoding = 4; lastKnownFileType = sourcecode.swift; path = EpisodeTableViewCell.swift; sourceTree = "<group>"; };
		B31E732F1E32979F00D32DEE /* EpisodeTableViewCell.xib */ = {isa = PBXFileReference; fileEncoding = 4; lastKnownFileType = file.xib; path = EpisodeTableViewCell.xib; sourceTree = "<group>"; };
		B31E73321E329AF800D32DEE /* MoreEpisodesTableViewCell.swift */ = {isa = PBXFileReference; fileEncoding = 4; lastKnownFileType = sourcecode.swift; path = MoreEpisodesTableViewCell.swift; sourceTree = "<group>"; };
		B31E73331E329AF800D32DEE /* MoreEpisodesTableViewCell.xib */ = {isa = PBXFileReference; fileEncoding = 4; lastKnownFileType = file.xib; path = MoreEpisodesTableViewCell.xib; sourceTree = "<group>"; };
		B31E73381E329D3E00D32DEE /* OverviewTableViewCell.swift */ = {isa = PBXFileReference; fileEncoding = 4; lastKnownFileType = sourcecode.swift; path = OverviewTableViewCell.swift; sourceTree = "<group>"; };
		B31E73391E329D3E00D32DEE /* OverviewTableViewCell.xib */ = {isa = PBXFileReference; fileEncoding = 4; lastKnownFileType = file.xib; path = OverviewTableViewCell.xib; sourceTree = "<group>"; };
		B31E733C1E33E07D00D32DEE /* EpisodeModel.swift */ = {isa = PBXFileReference; fileEncoding = 4; lastKnownFileType = sourcecode.swift; path = EpisodeModel.swift; sourceTree = "<group>"; };
		B31E733E1E33E20B00D32DEE /* EpisodeRepository.swift */ = {isa = PBXFileReference; fileEncoding = 4; lastKnownFileType = sourcecode.swift; lineEnding = 0; path = EpisodeRepository.swift; sourceTree = "<group>"; xcLanguageSpecificationIdentifier = xcode.lang.swift; };
		B31E73401E3443CB00D32DEE /* SeasonsSerieViewController.swift */ = {isa = PBXFileReference; fileEncoding = 4; lastKnownFileType = sourcecode.swift; path = SeasonsSerieViewController.swift; sourceTree = "<group>"; };
		B31E73421E344BF200D32DEE /* SeasonModel.swift */ = {isa = PBXFileReference; fileEncoding = 4; lastKnownFileType = sourcecode.swift; path = SeasonModel.swift; sourceTree = "<group>"; };
		B31E73441E344D5D00D32DEE /* SeasonRepository.swift */ = {isa = PBXFileReference; fileEncoding = 4; lastKnownFileType = sourcecode.swift; path = SeasonRepository.swift; sourceTree = "<group>"; };
		B31E73461E34585300D32DEE /* HeaderTableViewCell.swift */ = {isa = PBXFileReference; fileEncoding = 4; lastKnownFileType = sourcecode.swift; path = HeaderTableViewCell.swift; sourceTree = "<group>"; };
		B31E73471E34585300D32DEE /* HeaderTableViewCell.xib */ = {isa = PBXFileReference; fileEncoding = 4; lastKnownFileType = file.xib; path = HeaderTableViewCell.xib; sourceTree = "<group>"; };
		B31E734A1E34966900D32DEE /* DetailEpisodeViewController.swift */ = {isa = PBXFileReference; fileEncoding = 4; lastKnownFileType = sourcecode.swift; path = DetailEpisodeViewController.swift; sourceTree = "<group>"; };
		B31E734C1E3523E700D32DEE /* ActionEpisodeTableViewCell.swift */ = {isa = PBXFileReference; fileEncoding = 4; lastKnownFileType = sourcecode.swift; path = ActionEpisodeTableViewCell.swift; sourceTree = "<group>"; };
		B31E734D1E3523E700D32DEE /* ActionEpisodeTableViewCell.xib */ = {isa = PBXFileReference; fileEncoding = 4; lastKnownFileType = file.xib; path = ActionEpisodeTableViewCell.xib; sourceTree = "<group>"; };
		B31E73531E352F3E00D32DEE /* InfosEpisodeTableViewCell.xib */ = {isa = PBXFileReference; fileEncoding = 4; lastKnownFileType = file.xib; path = InfosEpisodeTableViewCell.xib; sourceTree = "<group>"; };
		B31E73561E3530AB00D32DEE /* InfosEpisodeTableViewCell.swift */ = {isa = PBXFileReference; fileEncoding = 4; lastKnownFileType = sourcecode.swift; path = InfosEpisodeTableViewCell.swift; sourceTree = "<group>"; };
		B31E73591E3550D100D32DEE /* Profile.storyboard */ = {isa = PBXFileReference; fileEncoding = 4; lastKnownFileType = file.storyboard; path = Profile.storyboard; sourceTree = "<group>"; };
		B31E735C1E3551D800D32DEE /* ProfileViewController.swift */ = {isa = PBXFileReference; fileEncoding = 4; lastKnownFileType = sourcecode.swift; path = ProfileViewController.swift; sourceTree = "<group>"; };
		B32A7D541E35BE0800A5CD6C /* WatchMeTests-Bridging-Header.h */ = {isa = PBXFileReference; lastKnownFileType = sourcecode.c.h; path = "WatchMeTests-Bridging-Header.h"; sourceTree = "<group>"; };
		B32A7D571E35C06400A5CD6C /* ImageRepositoryTests.swift */ = {isa = PBXFileReference; fileEncoding = 4; lastKnownFileType = sourcecode.swift; path = ImageRepositoryTests.swift; sourceTree = "<group>"; };
		B32A7D591E35C30900A5CD6C /* SerieRepositoryTests.swift */ = {isa = PBXFileReference; fileEncoding = 4; lastKnownFileType = sourcecode.swift; path = SerieRepositoryTests.swift; sourceTree = "<group>"; };
		B32A7D5B1E35D4BF00A5CD6C /* EpisodeRepositoryTests.swift */ = {isa = PBXFileReference; fileEncoding = 4; lastKnownFileType = sourcecode.swift; path = EpisodeRepositoryTests.swift; sourceTree = "<group>"; };
		B32A7D5D1E35D76600A5CD6C /* SeasonRepositoryTests.swift */ = {isa = PBXFileReference; fileEncoding = 4; lastKnownFileType = sourcecode.swift; path = SeasonRepositoryTests.swift; sourceTree = "<group>"; };
		B32A7D5F1E35DBF000A5CD6C /* SerieModelTests.swift */ = {isa = PBXFileReference; fileEncoding = 4; lastKnownFileType = sourcecode.swift; path = SerieModelTests.swift; sourceTree = "<group>"; };
		B32A7D621E36241700A5CD6C /* RealmExtension.swift */ = {isa = PBXFileReference; fileEncoding = 4; lastKnownFileType = sourcecode.swift; path = RealmExtension.swift; sourceTree = "<group>"; };
		B32A7D651E362E5C00A5CD6C /* EndPoints.swift */ = {isa = PBXFileReference; fileEncoding = 4; lastKnownFileType = sourcecode.swift; path = EndPoints.swift; sourceTree = "<group>"; };
		B32A7D671E362EAB00A5CD6C /* Credentials.swift */ = {isa = PBXFileReference; fileEncoding = 4; lastKnownFileType = sourcecode.swift; path = Credentials.swift; sourceTree = "<group>"; };
		B3E646E61E312A6800ECAB02 /* WatchMe.app */ = {isa = PBXFileReference; explicitFileType = wrapper.application; includeInIndex = 0; path = WatchMe.app; sourceTree = BUILT_PRODUCTS_DIR; };
		B3E646E91E312A6800ECAB02 /* AppDelegate.swift */ = {isa = PBXFileReference; lastKnownFileType = sourcecode.swift; path = AppDelegate.swift; sourceTree = "<group>"; };
		B3E646EE1E312A6800ECAB02 /* Base */ = {isa = PBXFileReference; lastKnownFileType = file.storyboard; name = Base; path = Base.lproj/Main.storyboard; sourceTree = "<group>"; };
		B3E646F01E312A6800ECAB02 /* Assets.xcassets */ = {isa = PBXFileReference; lastKnownFileType = folder.assetcatalog; path = Assets.xcassets; sourceTree = "<group>"; };
		B3E646F31E312A6800ECAB02 /* Base */ = {isa = PBXFileReference; lastKnownFileType = file.storyboard; name = Base; path = Base.lproj/LaunchScreen.storyboard; sourceTree = "<group>"; };
		B3E646F51E312A6800ECAB02 /* Info.plist */ = {isa = PBXFileReference; lastKnownFileType = text.plist.xml; path = Info.plist; sourceTree = "<group>"; };
		B3E646FA1E312A6800ECAB02 /* WatchMeTests.xctest */ = {isa = PBXFileReference; explicitFileType = wrapper.cfbundle; includeInIndex = 0; path = WatchMeTests.xctest; sourceTree = BUILT_PRODUCTS_DIR; };
		B3E647001E312A6800ECAB02 /* Info.plist */ = {isa = PBXFileReference; lastKnownFileType = text.plist.xml; path = Info.plist; sourceTree = "<group>"; };
		B3E647051E312A6800ECAB02 /* WatchMeUITests.xctest */ = {isa = PBXFileReference; explicitFileType = wrapper.cfbundle; includeInIndex = 0; path = WatchMeUITests.xctest; sourceTree = BUILT_PRODUCTS_DIR; };
		B3E647091E312A6800ECAB02 /* WatchMeUITests.swift */ = {isa = PBXFileReference; lastKnownFileType = sourcecode.swift; path = WatchMeUITests.swift; sourceTree = "<group>"; };
		B3E6470B1E312A6800ECAB02 /* Info.plist */ = {isa = PBXFileReference; lastKnownFileType = text.plist.xml; path = Info.plist; sourceTree = "<group>"; };
		B3E6471F1E312BAF00ECAB02 /* Trending.storyboard */ = {isa = PBXFileReference; fileEncoding = 4; lastKnownFileType = file.storyboard; path = Trending.storyboard; sourceTree = "<group>"; };
		B3E647221E312CF800ECAB02 /* TrendingViewController.swift */ = {isa = PBXFileReference; fileEncoding = 4; lastKnownFileType = sourcecode.swift; path = TrendingViewController.swift; sourceTree = "<group>"; };
		B3E6472B1E312F3000ECAB02 /* Watching.storyboard */ = {isa = PBXFileReference; fileEncoding = 4; lastKnownFileType = file.storyboard; path = Watching.storyboard; sourceTree = "<group>"; };
		B3E6472E1E312F7300ECAB02 /* WatchingViewController.swift */ = {isa = PBXFileReference; fileEncoding = 4; lastKnownFileType = sourcecode.swift; path = WatchingViewController.swift; sourceTree = "<group>"; };
		BE38AAE81892FE36FEE9FB3E /* Pods-WatchMeTests.debug.xcconfig */ = {isa = PBXFileReference; includeInIndex = 1; lastKnownFileType = text.xcconfig; name = "Pods-WatchMeTests.debug.xcconfig"; path = "Pods/Target Support Files/Pods-WatchMeTests/Pods-WatchMeTests.debug.xcconfig"; sourceTree = "<group>"; };
		CF53AD63D22C0796BB80FDC7 /* Pods_WatchMe.framework */ = {isa = PBXFileReference; explicitFileType = wrapper.framework; includeInIndex = 0; path = Pods_WatchMe.framework; sourceTree = BUILT_PRODUCTS_DIR; };
		EF3DD0FA15C3E077A82E2C41 /* Pods-WatchMeUITests.debug.xcconfig */ = {isa = PBXFileReference; includeInIndex = 1; lastKnownFileType = text.xcconfig; name = "Pods-WatchMeUITests.debug.xcconfig"; path = "Pods/Target Support Files/Pods-WatchMeUITests/Pods-WatchMeUITests.debug.xcconfig"; sourceTree = "<group>"; };
		EF670E50F162E26B48F22BE5 /* Pods_WatchMeTests.framework */ = {isa = PBXFileReference; explicitFileType = wrapper.framework; includeInIndex = 0; path = Pods_WatchMeTests.framework; sourceTree = BUILT_PRODUCTS_DIR; };
		F9D996A6121E19E0EAF656D2 /* Pods_WatchMeUITests.framework */ = {isa = PBXFileReference; explicitFileType = wrapper.framework; includeInIndex = 0; path = Pods_WatchMeUITests.framework; sourceTree = BUILT_PRODUCTS_DIR; };
/* End PBXFileReference section */

/* Begin PBXFrameworksBuildPhase section */
		B3E646E31E312A6800ECAB02 /* Frameworks */ = {
			isa = PBXFrameworksBuildPhase;
			buildActionMask = 2147483647;
			files = (
				89BE6EAADFF32D2869D31D7C /* Pods_WatchMe.framework in Frameworks */,
			);
			runOnlyForDeploymentPostprocessing = 0;
		};
		B3E646F71E312A6800ECAB02 /* Frameworks */ = {
			isa = PBXFrameworksBuildPhase;
			buildActionMask = 2147483647;
			files = (
				5A6D0583B87C36EAE2DCD940 /* Pods_WatchMeTests.framework in Frameworks */,
			);
			runOnlyForDeploymentPostprocessing = 0;
		};
		B3E647021E312A6800ECAB02 /* Frameworks */ = {
			isa = PBXFrameworksBuildPhase;
			buildActionMask = 2147483647;
			files = (
				9B24E79E66ADA9C514AF9D41 /* Pods_WatchMeUITests.framework in Frameworks */,
			);
			runOnlyForDeploymentPostprocessing = 0;
		};
/* End PBXFrameworksBuildPhase section */

/* Begin PBXGroup section */
		AA6515171598EE0DDF9C35C9 /* Pods */ = {
			isa = PBXGroup;
			children = (
				2ECD0A1EE9563747DD526D63 /* Pods-WatchMe.debug.xcconfig */,
				A59C87344C237133E76A7C2E /* Pods-WatchMe.release.xcconfig */,
				BE38AAE81892FE36FEE9FB3E /* Pods-WatchMeTests.debug.xcconfig */,
				29175C767948306259508BB1 /* Pods-WatchMeTests.release.xcconfig */,
				EF3DD0FA15C3E077A82E2C41 /* Pods-WatchMeUITests.debug.xcconfig */,
				5E74D2C3528A489A2254CF80 /* Pods-WatchMeUITests.release.xcconfig */,
			);
			name = Pods;
			sourceTree = "<group>";
		};
		B31E730A1E31414600D32DEE /* Xibs */ = {
			isa = PBXGroup;
			children = (
				B31E730C1E31416C00D32DEE /* SerieCollectionViewCell.xib */,
			);
			name = Xibs;
			sourceTree = "<group>";
		};
		B31E730F1E3142A300D32DEE /* Xibs */ = {
			isa = PBXGroup;
			children = (
				B31E730B1E31416C00D32DEE /* SerieCollectionViewCell.swift */,
			);
			name = Xibs;
			sourceTree = "<group>";
		};
		B31E731C1E3267E100D32DEE /* Details */ = {
			isa = PBXGroup;
			children = (
				B31E735E1E358FEA00D32DEE /* Xibs */,
				B31E73601E3594A100D32DEE /* XibsDetailEpisode */,
				B31E73271E32856600D32DEE /* XibsDetailSerie */,
				B31E73201E3268D400D32DEE /* DetailSerieViewController.swift */,
				B31E73401E3443CB00D32DEE /* SeasonsSerieViewController.swift */,
				B31E734A1E34966900D32DEE /* DetailEpisodeViewController.swift */,
			);
			name = Details;
			sourceTree = "<group>";
		};
		B31E731F1E3268B300D32DEE /* Details */ = {
			isa = PBXGroup;
			children = (
				B31E735F1E35941D00D32DEE /* Xibs */,
				B31E73611E35953600D32DEE /* XibsDetailEpisode */,
				B31E73221E32851900D32DEE /* XibsDetailSerie */,
				B31E731D1E32681300D32DEE /* Details.storyboard */,
			);
			name = Details;
			sourceTree = "<group>";
		};
		B31E73221E32851900D32DEE /* XibsDetailSerie */ = {
			isa = PBXGroup;
			children = (
				B31E732B1E3286D500D32DEE /* ActionsSerieTableViewCell.xib */,
				B31E73331E329AF800D32DEE /* MoreEpisodesTableViewCell.xib */,
			);
			name = XibsDetailSerie;
			sourceTree = "<group>";
		};
		B31E73271E32856600D32DEE /* XibsDetailSerie */ = {
			isa = PBXGroup;
			children = (
				B31E732A1E3286D500D32DEE /* ActionsSerieTableViewCell.swift */,
				B31E73321E329AF800D32DEE /* MoreEpisodesTableViewCell.swift */,
			);
			name = XibsDetailSerie;
			sourceTree = "<group>";
		};
		B31E73581E35509F00D32DEE /* Profile */ = {
			isa = PBXGroup;
			children = (
				B31E73591E3550D100D32DEE /* Profile.storyboard */,
			);
			name = Profile;
			sourceTree = "<group>";
		};
		B31E735B1E3551C100D32DEE /* Profile */ = {
			isa = PBXGroup;
			children = (
				B31E735C1E3551D800D32DEE /* ProfileViewController.swift */,
			);
			name = Profile;
			sourceTree = "<group>";
		};
		B31E735E1E358FEA00D32DEE /* Xibs */ = {
			isa = PBXGroup;
			children = (
				B31E73231E32855500D32DEE /* ImageTableViewCell.swift */,
				B31E73381E329D3E00D32DEE /* OverviewTableViewCell.swift */,
				B31E732E1E32979F00D32DEE /* EpisodeTableViewCell.swift */,
				B31E73461E34585300D32DEE /* HeaderTableViewCell.swift */,
			);
			name = Xibs;
			sourceTree = "<group>";
		};
		B31E735F1E35941D00D32DEE /* Xibs */ = {
			isa = PBXGroup;
			children = (
				B31E73241E32855500D32DEE /* ImageTableViewCell.xib */,
				B31E73391E329D3E00D32DEE /* OverviewTableViewCell.xib */,
				B31E732F1E32979F00D32DEE /* EpisodeTableViewCell.xib */,
				B31E73471E34585300D32DEE /* HeaderTableViewCell.xib */,
			);
			name = Xibs;
			sourceTree = "<group>";
		};
		B31E73601E3594A100D32DEE /* XibsDetailEpisode */ = {
			isa = PBXGroup;
			children = (
				B31E734C1E3523E700D32DEE /* ActionEpisodeTableViewCell.swift */,
				B31E73561E3530AB00D32DEE /* InfosEpisodeTableViewCell.swift */,
			);
			name = XibsDetailEpisode;
			sourceTree = "<group>";
		};
		B31E73611E35953600D32DEE /* XibsDetailEpisode */ = {
			isa = PBXGroup;
			children = (
				B31E734D1E3523E700D32DEE /* ActionEpisodeTableViewCell.xib */,
				B31E73531E352F3E00D32DEE /* InfosEpisodeTableViewCell.xib */,
			);
			name = XibsDetailEpisode;
			sourceTree = "<group>";
		};
		B32A7D511E35BD9F00A5CD6C /* Supporting Files */ = {
			isa = PBXGroup;
			children = (
				B32A7D541E35BE0800A5CD6C /* WatchMeTests-Bridging-Header.h */,
				B3E647001E312A6800ECAB02 /* Info.plist */,
			);
			name = "Supporting Files";
			sourceTree = "<group>";
		};
		B32A7D521E35BDAA00A5CD6C /* ModelsTests */ = {
			isa = PBXGroup;
			children = (
				B32A7D5F1E35DBF000A5CD6C /* SerieModelTests.swift */,
			);
			name = ModelsTests;
			sourceTree = "<group>";
		};
		B32A7D531E35BDB500A5CD6C /* RepositoriesTests */ = {
			isa = PBXGroup;
			children = (
				B32A7D571E35C06400A5CD6C /* ImageRepositoryTests.swift */,
				B32A7D591E35C30900A5CD6C /* SerieRepositoryTests.swift */,
				B32A7D5B1E35D4BF00A5CD6C /* EpisodeRepositoryTests.swift */,
				B32A7D5D1E35D76600A5CD6C /* SeasonRepositoryTests.swift */,
			);
			name = RepositoriesTests;
			sourceTree = "<group>";
		};
		B32A7D611E3623F400A5CD6C /* Extensions */ = {
			isa = PBXGroup;
			children = (
				B32A7D621E36241700A5CD6C /* RealmExtension.swift */,
			);
			name = Extensions;
			sourceTree = "<group>";
		};
		B32A7D641E362E2E00A5CD6C /* API */ = {
			isa = PBXGroup;
			children = (
				B32A7D651E362E5C00A5CD6C /* EndPoints.swift */,
				B32A7D671E362EAB00A5CD6C /* Credentials.swift */,
			);
			name = API;
			sourceTree = "<group>";
		};
		B3E646DD1E312A6800ECAB02 = {
			isa = PBXGroup;
			children = (
				B3E646E81E312A6800ECAB02 /* WatchMe */,
				B3E6471A1E312A9300ECAB02 /* Supporting Files */,
				B3E646FD1E312A6800ECAB02 /* WatchMeTests */,
				B3E647081E312A6800ECAB02 /* WatchMeUITests */,
				B3E646E71E312A6800ECAB02 /* Products */,
				AA6515171598EE0DDF9C35C9 /* Pods */,
				E7AB3D626E827A7323966C6C /* Frameworks */,
			);
			sourceTree = "<group>";
		};
		B3E646E71E312A6800ECAB02 /* Products */ = {
			isa = PBXGroup;
			children = (
				B3E646E61E312A6800ECAB02 /* WatchMe.app */,
				B3E646FA1E312A6800ECAB02 /* WatchMeTests.xctest */,
				B3E647051E312A6800ECAB02 /* WatchMeUITests.xctest */,
			);
			name = Products;
			sourceTree = "<group>";
		};
		B3E646E81E312A6800ECAB02 /* WatchMe */ = {
			isa = PBXGroup;
			children = (
				B3E646E91E312A6800ECAB02 /* AppDelegate.swift */,
				B32A7D611E3623F400A5CD6C /* Extensions */,
				B3E647171E312A7100ECAB02 /* Controllers */,
				B3E647181E312A7B00ECAB02 /* Views */,
				B32A7D641E362E2E00A5CD6C /* API */,
				B3E6471B1E312AA100ECAB02 /* Models */,
				B3E6471C1E312AA900ECAB02 /* Repositories */,
				B3E647191E312A8700ECAB02 /* Resources */,
			);
			path = WatchMe;
			sourceTree = "<group>";
		};
		B3E646FD1E312A6800ECAB02 /* WatchMeTests */ = {
			isa = PBXGroup;
			children = (
				B32A7D531E35BDB500A5CD6C /* RepositoriesTests */,
				B32A7D521E35BDAA00A5CD6C /* ModelsTests */,
				B32A7D511E35BD9F00A5CD6C /* Supporting Files */,
			);
			path = WatchMeTests;
			sourceTree = "<group>";
		};
		B3E647081E312A6800ECAB02 /* WatchMeUITests */ = {
			isa = PBXGroup;
			children = (
				B3E647091E312A6800ECAB02 /* WatchMeUITests.swift */,
				B3E6470B1E312A6800ECAB02 /* Info.plist */,
			);
			path = WatchMeUITests;
			sourceTree = "<group>";
		};
		B3E647171E312A7100ECAB02 /* Controllers */ = {
			isa = PBXGroup;
			children = (
				B31E735B1E3551C100D32DEE /* Profile */,
				B31E731C1E3267E100D32DEE /* Details */,
				B3E647211E312CE400ECAB02 /* Trending */,
				B3E6472D1E312F5A00ECAB02 /* Watching */,
			);
			name = Controllers;
			sourceTree = "<group>";
		};
		B3E647181E312A7B00ECAB02 /* Views */ = {
			isa = PBXGroup;
			children = (
				B3E646ED1E312A6800ECAB02 /* Main.storyboard */,
				B3E646F21E312A6800ECAB02 /* LaunchScreen.storyboard */,
				B31E73581E35509F00D32DEE /* Profile */,
				B31E731F1E3268B300D32DEE /* Details */,
				B3E6471E1E312B9400ECAB02 /* Trending */,
				B3E6472A1E312F0800ECAB02 /* Watching */,
			);
			name = Views;
			sourceTree = "<group>";
		};
		B3E647191E312A8700ECAB02 /* Resources */ = {
			isa = PBXGroup;
			children = (
				B3E646F01E312A6800ECAB02 /* Assets.xcassets */,
			);
			name = Resources;
			sourceTree = "<group>";
		};
		B3E6471A1E312A9300ECAB02 /* Supporting Files */ = {
			isa = PBXGroup;
			children = (
				B3E646F51E312A6800ECAB02 /* Info.plist */,
			);
			name = "Supporting Files";
			path = WatchMe;
			sourceTree = "<group>";
		};
		B3E6471B1E312AA100ECAB02 /* Models */ = {
			isa = PBXGroup;
			children = (
				B31E73101E3145E200D32DEE /* SerieModel.swift */,
				B31E73161E3184FC00D32DEE /* ImageModel.swift */,
				B31E733C1E33E07D00D32DEE /* EpisodeModel.swift */,
				B31E73421E344BF200D32DEE /* SeasonModel.swift */,
			);
			name = Models;
			sourceTree = "<group>";
		};
		B3E6471C1E312AA900ECAB02 /* Repositories */ = {
			isa = PBXGroup;
			children = (
				B31E73121E31488A00D32DEE /* SerieRepository.swift */,
				B31E73181E31857E00D32DEE /* ImageRepository.swift */,
				B31E733E1E33E20B00D32DEE /* EpisodeRepository.swift */,
				B31E73441E344D5D00D32DEE /* SeasonRepository.swift */,
			);
			name = Repositories;
			sourceTree = "<group>";
		};
		B3E6471E1E312B9400ECAB02 /* Trending */ = {
			isa = PBXGroup;
			children = (
				B31E730A1E31414600D32DEE /* Xibs */,
				B3E6471F1E312BAF00ECAB02 /* Trending.storyboard */,
			);
			name = Trending;
			sourceTree = "<group>";
		};
		B3E647211E312CE400ECAB02 /* Trending */ = {
			isa = PBXGroup;
			children = (
				B31E730F1E3142A300D32DEE /* Xibs */,
				B3E647221E312CF800ECAB02 /* TrendingViewController.swift */,
				B31E731A1E324DD500D32DEE /* SearchViewController.swift */,
			);
			name = Trending;
			sourceTree = "<group>";
		};
		B3E6472A1E312F0800ECAB02 /* Watching */ = {
			isa = PBXGroup;
			children = (
				B3E6472B1E312F3000ECAB02 /* Watching.storyboard */,
			);
			name = Watching;
			sourceTree = "<group>";
		};
		B3E6472D1E312F5A00ECAB02 /* Watching */ = {
			isa = PBXGroup;
			children = (
				B3E6472E1E312F7300ECAB02 /* WatchingViewController.swift */,
			);
			name = Watching;
			sourceTree = "<group>";
		};
		E7AB3D626E827A7323966C6C /* Frameworks */ = {
			isa = PBXGroup;
			children = (
				CF53AD63D22C0796BB80FDC7 /* Pods_WatchMe.framework */,
				EF670E50F162E26B48F22BE5 /* Pods_WatchMeTests.framework */,
				F9D996A6121E19E0EAF656D2 /* Pods_WatchMeUITests.framework */,
			);
			name = Frameworks;
			sourceTree = "<group>";
		};
/* End PBXGroup section */

/* Begin PBXNativeTarget section */
		B3E646E51E312A6800ECAB02 /* WatchMe */ = {
			isa = PBXNativeTarget;
			buildConfigurationList = B3E6470E1E312A6800ECAB02 /* Build configuration list for PBXNativeTarget "WatchMe" */;
			buildPhases = (
				BBCB23F5DA20615E81D2C71C /* [CP] Check Pods Manifest.lock */,
				B3E646E21E312A6800ECAB02 /* Sources */,
				B3E646E31E312A6800ECAB02 /* Frameworks */,
				B3E646E41E312A6800ECAB02 /* Resources */,
				E9938459ECAED93F8FEF3CB4 /* [CP] Embed Pods Frameworks */,
				4E6BC3B9AC42406491624599 /* [CP] Copy Pods Resources */,
			);
			buildRules = (
			);
			dependencies = (
			);
			name = WatchMe;
			productName = WatchMe;
			productReference = B3E646E61E312A6800ECAB02 /* WatchMe.app */;
			productType = "com.apple.product-type.application";
		};
		B3E646F91E312A6800ECAB02 /* WatchMeTests */ = {
			isa = PBXNativeTarget;
			buildConfigurationList = B3E647111E312A6800ECAB02 /* Build configuration list for PBXNativeTarget "WatchMeTests" */;
			buildPhases = (
				73788ACF19261479B322720E /* [CP] Check Pods Manifest.lock */,
				B3E646F61E312A6800ECAB02 /* Sources */,
				B3E646F71E312A6800ECAB02 /* Frameworks */,
				B3E646F81E312A6800ECAB02 /* Resources */,
				C01556DD514AA14D39DF4E92 /* [CP] Embed Pods Frameworks */,
				C42ACC83B86D2139C3D19061 /* [CP] Copy Pods Resources */,
			);
			buildRules = (
			);
			dependencies = (
				B3E646FC1E312A6800ECAB02 /* PBXTargetDependency */,
			);
			name = WatchMeTests;
			productName = WatchMeTests;
			productReference = B3E646FA1E312A6800ECAB02 /* WatchMeTests.xctest */;
			productType = "com.apple.product-type.bundle.unit-test";
		};
		B3E647041E312A6800ECAB02 /* WatchMeUITests */ = {
			isa = PBXNativeTarget;
			buildConfigurationList = B3E647141E312A6800ECAB02 /* Build configuration list for PBXNativeTarget "WatchMeUITests" */;
			buildPhases = (
				BF23D39FAC0DDB758BAA5B64 /* [CP] Check Pods Manifest.lock */,
				B3E647011E312A6800ECAB02 /* Sources */,
				B3E647021E312A6800ECAB02 /* Frameworks */,
				B3E647031E312A6800ECAB02 /* Resources */,
				861BD76143D3CD5F1F2D2EE9 /* [CP] Embed Pods Frameworks */,
				9F8FD4FEA523A863A204CF75 /* [CP] Copy Pods Resources */,
			);
			buildRules = (
			);
			dependencies = (
				B3E647071E312A6800ECAB02 /* PBXTargetDependency */,
			);
			name = WatchMeUITests;
			productName = WatchMeUITests;
			productReference = B3E647051E312A6800ECAB02 /* WatchMeUITests.xctest */;
			productType = "com.apple.product-type.bundle.ui-testing";
		};
/* End PBXNativeTarget section */

/* Begin PBXProject section */
		B3E646DE1E312A6800ECAB02 /* Project object */ = {
			isa = PBXProject;
			attributes = {
				LastSwiftUpdateCheck = 0820;
				LastUpgradeCheck = 0820;
				ORGANIZATIONNAME = "Felipe Silva ";
				TargetAttributes = {
					B3E646E51E312A6800ECAB02 = {
						CreatedOnToolsVersion = 8.2.1;
						DevelopmentTeam = 6E775V5EG9;
						ProvisioningStyle = Automatic;
					};
					B3E646F91E312A6800ECAB02 = {
						CreatedOnToolsVersion = 8.2.1;
						DevelopmentTeam = 6E775V5EG9;
						LastSwiftMigration = 0820;
						ProvisioningStyle = Automatic;
						TestTargetID = B3E646E51E312A6800ECAB02;
					};
					B3E647041E312A6800ECAB02 = {
						CreatedOnToolsVersion = 8.2.1;
						DevelopmentTeam = 6E775V5EG9;
						ProvisioningStyle = Automatic;
						TestTargetID = B3E646E51E312A6800ECAB02;
					};
				};
			};
			buildConfigurationList = B3E646E11E312A6800ECAB02 /* Build configuration list for PBXProject "WatchMe" */;
			compatibilityVersion = "Xcode 3.2";
			developmentRegion = English;
			hasScannedForEncodings = 0;
			knownRegions = (
				en,
				Base,
			);
			mainGroup = B3E646DD1E312A6800ECAB02;
			productRefGroup = B3E646E71E312A6800ECAB02 /* Products */;
			projectDirPath = "";
			projectRoot = "";
			targets = (
				B3E646E51E312A6800ECAB02 /* WatchMe */,
				B3E646F91E312A6800ECAB02 /* WatchMeTests */,
				B3E647041E312A6800ECAB02 /* WatchMeUITests */,
			);
		};
/* End PBXProject section */

/* Begin PBXResourcesBuildPhase section */
		B3E646E41E312A6800ECAB02 /* Resources */ = {
			isa = PBXResourcesBuildPhase;
			buildActionMask = 2147483647;
			files = (
				B3E646F41E312A6800ECAB02 /* LaunchScreen.storyboard in Resources */,
				B31E730E1E31416C00D32DEE /* SerieCollectionViewCell.xib in Resources */,
				B31E734F1E3523E700D32DEE /* ActionEpisodeTableViewCell.xib in Resources */,
				B3E647201E312BAF00ECAB02 /* Trending.storyboard in Resources */,
				B3E6472C1E312F3000ECAB02 /* Watching.storyboard in Resources */,
				B31E73311E3297A000D32DEE /* EpisodeTableViewCell.xib in Resources */,
				B31E73261E32855500D32DEE /* ImageTableViewCell.xib in Resources */,
				B31E733B1E329D3E00D32DEE /* OverviewTableViewCell.xib in Resources */,
				B31E73551E352F3E00D32DEE /* InfosEpisodeTableViewCell.xib in Resources */,
				B3E646F11E312A6800ECAB02 /* Assets.xcassets in Resources */,
				B31E735A1E3550D100D32DEE /* Profile.storyboard in Resources */,
				B31E73491E34585300D32DEE /* HeaderTableViewCell.xib in Resources */,
				B31E73351E329AF800D32DEE /* MoreEpisodesTableViewCell.xib in Resources */,
				B3E646EF1E312A6800ECAB02 /* Main.storyboard in Resources */,
				B31E732D1E3286D500D32DEE /* ActionsSerieTableViewCell.xib in Resources */,
				B31E731E1E32681300D32DEE /* Details.storyboard in Resources */,
			);
			runOnlyForDeploymentPostprocessing = 0;
		};
		B3E646F81E312A6800ECAB02 /* Resources */ = {
			isa = PBXResourcesBuildPhase;
			buildActionMask = 2147483647;
			files = (
			);
			runOnlyForDeploymentPostprocessing = 0;
		};
		B3E647031E312A6800ECAB02 /* Resources */ = {
			isa = PBXResourcesBuildPhase;
			buildActionMask = 2147483647;
			files = (
			);
			runOnlyForDeploymentPostprocessing = 0;
		};
/* End PBXResourcesBuildPhase section */

/* Begin PBXShellScriptBuildPhase section */
		4E6BC3B9AC42406491624599 /* [CP] Copy Pods Resources */ = {
			isa = PBXShellScriptBuildPhase;
			buildActionMask = 2147483647;
			files = (
			);
			inputPaths = (
			);
			name = "[CP] Copy Pods Resources";
			outputPaths = (
			);
			runOnlyForDeploymentPostprocessing = 0;
			shellPath = /bin/sh;
			shellScript = "\"${SRCROOT}/Pods/Target Support Files/Pods-WatchMe/Pods-WatchMe-resources.sh\"\n";
			showEnvVarsInLog = 0;
		};
		73788ACF19261479B322720E /* [CP] Check Pods Manifest.lock */ = {
			isa = PBXShellScriptBuildPhase;
			buildActionMask = 2147483647;
			files = (
			);
			inputPaths = (
			);
			name = "[CP] Check Pods Manifest.lock";
			outputPaths = (
			);
			runOnlyForDeploymentPostprocessing = 0;
			shellPath = /bin/sh;
			shellScript = "diff \"${PODS_ROOT}/../Podfile.lock\" \"${PODS_ROOT}/Manifest.lock\" > /dev/null\nif [ $? != 0 ] ; then\n    # print error to STDERR\n    echo \"error: The sandbox is not in sync with the Podfile.lock. Run 'pod install' or update your CocoaPods installation.\" >&2\n    exit 1\nfi\n";
			showEnvVarsInLog = 0;
		};
		861BD76143D3CD5F1F2D2EE9 /* [CP] Embed Pods Frameworks */ = {
			isa = PBXShellScriptBuildPhase;
			buildActionMask = 2147483647;
			files = (
			);
			inputPaths = (
			);
			name = "[CP] Embed Pods Frameworks";
			outputPaths = (
			);
			runOnlyForDeploymentPostprocessing = 0;
			shellPath = /bin/sh;
			shellScript = "\"${SRCROOT}/Pods/Target Support Files/Pods-WatchMeUITests/Pods-WatchMeUITests-frameworks.sh\"\n";
			showEnvVarsInLog = 0;
		};
		9F8FD4FEA523A863A204CF75 /* [CP] Copy Pods Resources */ = {
			isa = PBXShellScriptBuildPhase;
			buildActionMask = 2147483647;
			files = (
			);
			inputPaths = (
			);
			name = "[CP] Copy Pods Resources";
			outputPaths = (
			);
			runOnlyForDeploymentPostprocessing = 0;
			shellPath = /bin/sh;
			shellScript = "\"${SRCROOT}/Pods/Target Support Files/Pods-WatchMeUITests/Pods-WatchMeUITests-resources.sh\"\n";
			showEnvVarsInLog = 0;
		};
		BBCB23F5DA20615E81D2C71C /* [CP] Check Pods Manifest.lock */ = {
			isa = PBXShellScriptBuildPhase;
			buildActionMask = 2147483647;
			files = (
			);
			inputPaths = (
			);
			name = "[CP] Check Pods Manifest.lock";
			outputPaths = (
			);
			runOnlyForDeploymentPostprocessing = 0;
			shellPath = /bin/sh;
			shellScript = "diff \"${PODS_ROOT}/../Podfile.lock\" \"${PODS_ROOT}/Manifest.lock\" > /dev/null\nif [ $? != 0 ] ; then\n    # print error to STDERR\n    echo \"error: The sandbox is not in sync with the Podfile.lock. Run 'pod install' or update your CocoaPods installation.\" >&2\n    exit 1\nfi\n";
			showEnvVarsInLog = 0;
		};
		BF23D39FAC0DDB758BAA5B64 /* [CP] Check Pods Manifest.lock */ = {
			isa = PBXShellScriptBuildPhase;
			buildActionMask = 2147483647;
			files = (
			);
			inputPaths = (
			);
			name = "[CP] Check Pods Manifest.lock";
			outputPaths = (
			);
			runOnlyForDeploymentPostprocessing = 0;
			shellPath = /bin/sh;
			shellScript = "diff \"${PODS_ROOT}/../Podfile.lock\" \"${PODS_ROOT}/Manifest.lock\" > /dev/null\nif [ $? != 0 ] ; then\n    # print error to STDERR\n    echo \"error: The sandbox is not in sync with the Podfile.lock. Run 'pod install' or update your CocoaPods installation.\" >&2\n    exit 1\nfi\n";
			showEnvVarsInLog = 0;
		};
		C01556DD514AA14D39DF4E92 /* [CP] Embed Pods Frameworks */ = {
			isa = PBXShellScriptBuildPhase;
			buildActionMask = 2147483647;
			files = (
			);
			inputPaths = (
			);
			name = "[CP] Embed Pods Frameworks";
			outputPaths = (
			);
			runOnlyForDeploymentPostprocessing = 0;
			shellPath = /bin/sh;
			shellScript = "\"${SRCROOT}/Pods/Target Support Files/Pods-WatchMeTests/Pods-WatchMeTests-frameworks.sh\"\n";
			showEnvVarsInLog = 0;
		};
		C42ACC83B86D2139C3D19061 /* [CP] Copy Pods Resources */ = {
			isa = PBXShellScriptBuildPhase;
			buildActionMask = 2147483647;
			files = (
			);
			inputPaths = (
			);
			name = "[CP] Copy Pods Resources";
			outputPaths = (
			);
			runOnlyForDeploymentPostprocessing = 0;
			shellPath = /bin/sh;
			shellScript = "\"${SRCROOT}/Pods/Target Support Files/Pods-WatchMeTests/Pods-WatchMeTests-resources.sh\"\n";
			showEnvVarsInLog = 0;
		};
		E9938459ECAED93F8FEF3CB4 /* [CP] Embed Pods Frameworks */ = {
			isa = PBXShellScriptBuildPhase;
			buildActionMask = 2147483647;
			files = (
			);
			inputPaths = (
			);
			name = "[CP] Embed Pods Frameworks";
			outputPaths = (
			);
			runOnlyForDeploymentPostprocessing = 0;
			shellPath = /bin/sh;
			shellScript = "\"${SRCROOT}/Pods/Target Support Files/Pods-WatchMe/Pods-WatchMe-frameworks.sh\"\n";
			showEnvVarsInLog = 0;
		};
/* End PBXShellScriptBuildPhase section */

/* Begin PBXSourcesBuildPhase section */
		B3E646E21E312A6800ECAB02 /* Sources */ = {
			isa = PBXSourcesBuildPhase;
			buildActionMask = 2147483647;
			files = (
				B31E73211E3268D400D32DEE /* DetailSerieViewController.swift in Sources */,
				B31E73251E32855500D32DEE /* ImageTableViewCell.swift in Sources */,
				B31E73301E32979F00D32DEE /* EpisodeTableViewCell.swift in Sources */,
				B31E731B1E324DD500D32DEE /* SearchViewController.swift in Sources */,
				B31E733D1E33E07D00D32DEE /* EpisodeModel.swift in Sources */,
				B3E646EA1E312A6800ECAB02 /* AppDelegate.swift in Sources */,
				B31E73171E3184FC00D32DEE /* ImageModel.swift in Sources */,
				B31E73411E3443CB00D32DEE /* SeasonsSerieViewController.swift in Sources */,
				B3E647231E312CF800ECAB02 /* TrendingViewController.swift in Sources */,
				B31E73191E31857E00D32DEE /* ImageRepository.swift in Sources */,
				B32A7D681E362EAB00A5CD6C /* Credentials.swift in Sources */,
				B31E735D1E3551D800D32DEE /* ProfileViewController.swift in Sources */,
				B31E733A1E329D3E00D32DEE /* OverviewTableViewCell.swift in Sources */,
				B31E732C1E3286D500D32DEE /* ActionsSerieTableViewCell.swift in Sources */,
				B3E6472F1E312F7300ECAB02 /* WatchingViewController.swift in Sources */,
				B31E73341E329AF800D32DEE /* MoreEpisodesTableViewCell.swift in Sources */,
				B31E73451E344D5D00D32DEE /* SeasonRepository.swift in Sources */,
				B31E73481E34585300D32DEE /* HeaderTableViewCell.swift in Sources */,
				B31E73111E3145E200D32DEE /* SerieModel.swift in Sources */,
				B31E73131E31488A00D32DEE /* SerieRepository.swift in Sources */,
				B32A7D661E362E5C00A5CD6C /* EndPoints.swift in Sources */,
				B31E733F1E33E20B00D32DEE /* EpisodeRepository.swift in Sources */,
				B31E73571E3530AB00D32DEE /* InfosEpisodeTableViewCell.swift in Sources */,
				B31E734B1E34966900D32DEE /* DetailEpisodeViewController.swift in Sources */,
				B31E730D1E31416C00D32DEE /* SerieCollectionViewCell.swift in Sources */,
				B31E73431E344BF200D32DEE /* SeasonModel.swift in Sources */,
				B32A7D631E36241700A5CD6C /* RealmExtension.swift in Sources */,
				B31E734E1E3523E700D32DEE /* ActionEpisodeTableViewCell.swift in Sources */,
			);
			runOnlyForDeploymentPostprocessing = 0;
		};
		B3E646F61E312A6800ECAB02 /* Sources */ = {
			isa = PBXSourcesBuildPhase;
			buildActionMask = 2147483647;
			files = (
				B32A7D5C1E35D4BF00A5CD6C /* EpisodeRepositoryTests.swift in Sources */,
				B32A7D601E35DBF000A5CD6C /* SerieModelTests.swift in Sources */,
				B32A7D5A1E35C30900A5CD6C /* SerieRepositoryTests.swift in Sources */,
				B32A7D5E1E35D76600A5CD6C /* SeasonRepositoryTests.swift in Sources */,
				B32A7D581E35C06400A5CD6C /* ImageRepositoryTests.swift in Sources */,
			);
			runOnlyForDeploymentPostprocessing = 0;
		};
		B3E647011E312A6800ECAB02 /* Sources */ = {
			isa = PBXSourcesBuildPhase;
			buildActionMask = 2147483647;
			files = (
				B3E6470A1E312A6800ECAB02 /* WatchMeUITests.swift in Sources */,
			);
			runOnlyForDeploymentPostprocessing = 0;
		};
/* End PBXSourcesBuildPhase section */

/* Begin PBXTargetDependency section */
		B3E646FC1E312A6800ECAB02 /* PBXTargetDependency */ = {
			isa = PBXTargetDependency;
			target = B3E646E51E312A6800ECAB02 /* WatchMe */;
			targetProxy = B3E646FB1E312A6800ECAB02 /* PBXContainerItemProxy */;
		};
		B3E647071E312A6800ECAB02 /* PBXTargetDependency */ = {
			isa = PBXTargetDependency;
			target = B3E646E51E312A6800ECAB02 /* WatchMe */;
			targetProxy = B3E647061E312A6800ECAB02 /* PBXContainerItemProxy */;
		};
/* End PBXTargetDependency section */

/* Begin PBXVariantGroup section */
		B3E646ED1E312A6800ECAB02 /* Main.storyboard */ = {
			isa = PBXVariantGroup;
			children = (
				B3E646EE1E312A6800ECAB02 /* Base */,
			);
			name = Main.storyboard;
			sourceTree = "<group>";
		};
		B3E646F21E312A6800ECAB02 /* LaunchScreen.storyboard */ = {
			isa = PBXVariantGroup;
			children = (
				B3E646F31E312A6800ECAB02 /* Base */,
			);
			name = LaunchScreen.storyboard;
			sourceTree = "<group>";
		};
/* End PBXVariantGroup section */

/* Begin XCBuildConfiguration section */
		B3E6470C1E312A6800ECAB02 /* Debug */ = {
			isa = XCBuildConfiguration;
			buildSettings = {
				ALWAYS_SEARCH_USER_PATHS = NO;
				CLANG_ANALYZER_NONNULL = YES;
				CLANG_CXX_LANGUAGE_STANDARD = "gnu++0x";
				CLANG_CXX_LIBRARY = "libc++";
				CLANG_ENABLE_MODULES = YES;
				CLANG_ENABLE_OBJC_ARC = YES;
				CLANG_WARN_BOOL_CONVERSION = YES;
				CLANG_WARN_CONSTANT_CONVERSION = YES;
				CLANG_WARN_DIRECT_OBJC_ISA_USAGE = YES_ERROR;
				CLANG_WARN_DOCUMENTATION_COMMENTS = YES;
				CLANG_WARN_EMPTY_BODY = YES;
				CLANG_WARN_ENUM_CONVERSION = YES;
				CLANG_WARN_INFINITE_RECURSION = YES;
				CLANG_WARN_INT_CONVERSION = YES;
				CLANG_WARN_OBJC_ROOT_CLASS = YES_ERROR;
				CLANG_WARN_SUSPICIOUS_MOVE = YES;
				CLANG_WARN_UNREACHABLE_CODE = YES;
				CLANG_WARN__DUPLICATE_METHOD_MATCH = YES;
				"CODE_SIGN_IDENTITY[sdk=iphoneos*]" = "iPhone Developer";
				COPY_PHASE_STRIP = NO;
				DEBUG_INFORMATION_FORMAT = dwarf;
				ENABLE_STRICT_OBJC_MSGSEND = YES;
				ENABLE_TESTABILITY = YES;
				GCC_C_LANGUAGE_STANDARD = gnu99;
				GCC_DYNAMIC_NO_PIC = NO;
				GCC_NO_COMMON_BLOCKS = YES;
				GCC_OPTIMIZATION_LEVEL = 0;
				GCC_PREPROCESSOR_DEFINITIONS = (
					"DEBUG=1",
					"$(inherited)",
				);
				GCC_WARN_64_TO_32_BIT_CONVERSION = YES;
				GCC_WARN_ABOUT_RETURN_TYPE = YES_ERROR;
				GCC_WARN_UNDECLARED_SELECTOR = YES;
				GCC_WARN_UNINITIALIZED_AUTOS = YES_AGGRESSIVE;
				GCC_WARN_UNUSED_FUNCTION = YES;
				GCC_WARN_UNUSED_VARIABLE = YES;
				IPHONEOS_DEPLOYMENT_TARGET = 9.0;
				MTL_ENABLE_DEBUG_INFO = YES;
				ONLY_ACTIVE_ARCH = YES;
				SDKROOT = iphoneos;
				SWIFT_ACTIVE_COMPILATION_CONDITIONS = DEBUG;
				SWIFT_OPTIMIZATION_LEVEL = "-Onone";
				TARGETED_DEVICE_FAMILY = "1,2";
			};
			name = Debug;
		};
		B3E6470D1E312A6800ECAB02 /* Release */ = {
			isa = XCBuildConfiguration;
			buildSettings = {
				ALWAYS_SEARCH_USER_PATHS = NO;
				CLANG_ANALYZER_NONNULL = YES;
				CLANG_CXX_LANGUAGE_STANDARD = "gnu++0x";
				CLANG_CXX_LIBRARY = "libc++";
				CLANG_ENABLE_CODE_COVERAGE = NO;
				CLANG_ENABLE_MODULES = YES;
				CLANG_ENABLE_OBJC_ARC = YES;
				CLANG_WARN_BOOL_CONVERSION = YES;
				CLANG_WARN_CONSTANT_CONVERSION = YES;
				CLANG_WARN_DIRECT_OBJC_ISA_USAGE = YES_ERROR;
				CLANG_WARN_DOCUMENTATION_COMMENTS = YES;
				CLANG_WARN_EMPTY_BODY = YES;
				CLANG_WARN_ENUM_CONVERSION = YES;
				CLANG_WARN_INFINITE_RECURSION = YES;
				CLANG_WARN_INT_CONVERSION = YES;
				CLANG_WARN_OBJC_ROOT_CLASS = YES_ERROR;
				CLANG_WARN_SUSPICIOUS_MOVE = YES;
				CLANG_WARN_UNREACHABLE_CODE = YES;
				CLANG_WARN__DUPLICATE_METHOD_MATCH = YES;
				"CODE_SIGN_IDENTITY[sdk=iphoneos*]" = "iPhone Developer";
				COPY_PHASE_STRIP = NO;
				DEBUG_INFORMATION_FORMAT = "dwarf-with-dsym";
				ENABLE_NS_ASSERTIONS = NO;
				ENABLE_STRICT_OBJC_MSGSEND = YES;
				GCC_C_LANGUAGE_STANDARD = gnu99;
				GCC_NO_COMMON_BLOCKS = YES;
				GCC_WARN_64_TO_32_BIT_CONVERSION = YES;
				GCC_WARN_ABOUT_RETURN_TYPE = YES_ERROR;
				GCC_WARN_UNDECLARED_SELECTOR = YES;
				GCC_WARN_UNINITIALIZED_AUTOS = YES_AGGRESSIVE;
				GCC_WARN_UNUSED_FUNCTION = YES;
				GCC_WARN_UNUSED_VARIABLE = YES;
				IPHONEOS_DEPLOYMENT_TARGET = 9.0;
				MTL_ENABLE_DEBUG_INFO = NO;
				SDKROOT = iphoneos;
				SWIFT_OPTIMIZATION_LEVEL = "-Owholemodule";
				TARGETED_DEVICE_FAMILY = "1,2";
				VALIDATE_PRODUCT = YES;
			};
			name = Release;
		};
		B3E6470F1E312A6800ECAB02 /* Debug */ = {
			isa = XCBuildConfiguration;
			baseConfigurationReference = 2ECD0A1EE9563747DD526D63 /* Pods-WatchMe.debug.xcconfig */;
			buildSettings = {
				ASSETCATALOG_COMPILER_APPICON_NAME = AppIcon;
				DEVELOPMENT_TEAM = 6E775V5EG9;
				INFOPLIST_FILE = WatchMe/Info.plist;
				IPHONEOS_DEPLOYMENT_TARGET = 9.0;
				LD_RUNPATH_SEARCH_PATHS = "$(inherited) @executable_path/Frameworks";
				ONLY_ACTIVE_ARCH = YES;
				PRODUCT_BUNDLE_IDENTIFIER = felipe.silva.WatchMe;
				PRODUCT_NAME = "$(TARGET_NAME)";
				SWIFT_VERSION = 3.0;
			};
			name = Debug;
		};
		B3E647101E312A6800ECAB02 /* Release */ = {
			isa = XCBuildConfiguration;
			baseConfigurationReference = A59C87344C237133E76A7C2E /* Pods-WatchMe.release.xcconfig */;
			buildSettings = {
				ASSETCATALOG_COMPILER_APPICON_NAME = AppIcon;
				CLANG_ENABLE_CODE_COVERAGE = NO;
				DEVELOPMENT_TEAM = 6E775V5EG9;
				INFOPLIST_FILE = WatchMe/Info.plist;
				IPHONEOS_DEPLOYMENT_TARGET = 9.0;
				LD_RUNPATH_SEARCH_PATHS = "$(inherited) @executable_path/Frameworks";
				ONLY_ACTIVE_ARCH = YES;
				PRODUCT_BUNDLE_IDENTIFIER = felipe.silva.WatchMe;
				PRODUCT_NAME = "$(TARGET_NAME)";
				SWIFT_VERSION = 3.0;
			};
			name = Release;
		};
		B3E647121E312A6800ECAB02 /* Debug */ = {
			isa = XCBuildConfiguration;
			baseConfigurationReference = BE38AAE81892FE36FEE9FB3E /* Pods-WatchMeTests.debug.xcconfig */;
			buildSettings = {
				ALWAYS_EMBED_SWIFT_STANDARD_LIBRARIES = YES;
				BUNDLE_LOADER = "$(TEST_HOST)";
				CLANG_ENABLE_MODULES = YES;
				DEVELOPMENT_TEAM = 6E775V5EG9;
				INFOPLIST_FILE = WatchMeTests/Info.plist;
				LD_RUNPATH_SEARCH_PATHS = "$(inherited) @executable_path/Frameworks @loader_path/Frameworks";
				ONLY_ACTIVE_ARCH = YES;
				PRODUCT_BUNDLE_IDENTIFIER = felipe.silva.WatchMeTests;
				PRODUCT_NAME = "$(TARGET_NAME)";
				SDKROOT = iphoneos;
				SWIFT_OBJC_BRIDGING_HEADER = "WatchMeTests/WatchMeTests-Bridging-Header.h";
				SWIFT_OPTIMIZATION_LEVEL = "-Onone";
				SWIFT_VERSION = 3.0;
				TEST_HOST = "$(BUILT_PRODUCTS_DIR)/WatchMe.app/WatchMe";
			};
			name = Debug;
		};
		B3E647131E312A6800ECAB02 /* Release */ = {
			isa = XCBuildConfiguration;
			baseConfigurationReference = 29175C767948306259508BB1 /* Pods-WatchMeTests.release.xcconfig */;
			buildSettings = {
				ALWAYS_EMBED_SWIFT_STANDARD_LIBRARIES = YES;
				BUNDLE_LOADER = "$(TEST_HOST)";
				CLANG_ENABLE_MODULES = YES;
				DEVELOPMENT_TEAM = 6E775V5EG9;
				INFOPLIST_FILE = WatchMeTests/Info.plist;
				LD_RUNPATH_SEARCH_PATHS = "$(inherited) @executable_path/Frameworks @loader_path/Frameworks";
				ONLY_ACTIVE_ARCH = YES;
				PRODUCT_BUNDLE_IDENTIFIER = felipe.silva.WatchMeTests;
				PRODUCT_NAME = "$(TARGET_NAME)";
				SDKROOT = iphoneos;
				SWIFT_OBJC_BRIDGING_HEADER = "WatchMeTests/WatchMeTests-Bridging-Header.h";
				SWIFT_VERSION = 3.0;
				TEST_HOST = "$(BUILT_PRODUCTS_DIR)/WatchMe.app/WatchMe";
			};
			name = Release;
		};
		B3E647151E312A6800ECAB02 /* Debug */ = {
			isa = XCBuildConfiguration;
			baseConfigurationReference = EF3DD0FA15C3E077A82E2C41 /* Pods-WatchMeUITests.debug.xcconfig */;
			buildSettings = {
				ALWAYS_EMBED_SWIFT_STANDARD_LIBRARIES = YES;
				DEVELOPMENT_TEAM = 6E775V5EG9;
				INFOPLIST_FILE = WatchMeUITests/Info.plist;
				LD_RUNPATH_SEARCH_PATHS = "$(inherited) @executable_path/Frameworks @loader_path/Frameworks";
				PRODUCT_BUNDLE_IDENTIFIER = felipe.silva.WatchMeUITests;
				PRODUCT_NAME = "$(TARGET_NAME)";
				SDKROOT = iphoneos9;
				SWIFT_VERSION = 3.0;
				TEST_TARGET_NAME = WatchMe;
			};
			name = Debug;
		};
		B3E647161E312A6800ECAB02 /* Release */ = {
			isa = XCBuildConfiguration;
			baseConfigurationReference = 5E74D2C3528A489A2254CF80 /* Pods-WatchMeUITests.release.xcconfig */;
			buildSettings = {
				ALWAYS_EMBED_SWIFT_STANDARD_LIBRARIES = YES;
				DEVELOPMENT_TEAM = 6E775V5EG9;
				INFOPLIST_FILE = WatchMeUITests/Info.plist;
				LD_RUNPATH_SEARCH_PATHS = "$(inherited) @executable_path/Frameworks @loader_path/Frameworks";
				PRODUCT_BUNDLE_IDENTIFIER = felipe.silva.WatchMeUITests;
				PRODUCT_NAME = "$(TARGET_NAME)";
				SDKROOT = iphoneos9;
				SWIFT_VERSION = 3.0;
				TEST_TARGET_NAME = WatchMe;
			};
			name = Release;
		};
/* End XCBuildConfiguration section */

/* Begin XCConfigurationList section */
		B3E646E11E312A6800ECAB02 /* Build configuration list for PBXProject "WatchMe" */ = {
			isa = XCConfigurationList;
			buildConfigurations = (
				B3E6470C1E312A6800ECAB02 /* Debug */,
				B3E6470D1E312A6800ECAB02 /* Release */,
			);
			defaultConfigurationIsVisible = 0;
			defaultConfigurationName = Release;
		};
		B3E6470E1E312A6800ECAB02 /* Build configuration list for PBXNativeTarget "WatchMe" */ = {
			isa = XCConfigurationList;
			buildConfigurations = (
				B3E6470F1E312A6800ECAB02 /* Debug */,
				B3E647101E312A6800ECAB02 /* Release */,
			);
			defaultConfigurationIsVisible = 0;
			defaultConfigurationName = Release;
		};
		B3E647111E312A6800ECAB02 /* Build configuration list for PBXNativeTarget "WatchMeTests" */ = {
			isa = XCConfigurationList;
			buildConfigurations = (
				B3E647121E312A6800ECAB02 /* Debug */,
				B3E647131E312A6800ECAB02 /* Release */,
			);
			defaultConfigurationIsVisible = 0;
			defaultConfigurationName = Release;
		};
		B3E647141E312A6800ECAB02 /* Build configuration list for PBXNativeTarget "WatchMeUITests" */ = {
			isa = XCConfigurationList;
			buildConfigurations = (
				B3E647151E312A6800ECAB02 /* Debug */,
				B3E647161E312A6800ECAB02 /* Release */,
			);
			defaultConfigurationIsVisible = 0;
			defaultConfigurationName = Release;
		};
/* End XCConfigurationList section */
	};
	rootObject = B3E646DE1E312A6800ECAB02 /* Project object */;
}
